
Microsoft Visual Studio Solution File, Format Version 12.00
Project("{FAE04EC0-301F-11D3-BF4B-00C04F79EFBC}") = "SpaceBox.Platforms.Windows", "SpaceBox\SpaceBox.csproj", "{4B5B1791-E1A9-43C3-8517-EDD0B2CC8D2A}"
EndProject
Project("{FAE04EC0-301F-11D3-BF4B-00C04F79EFBC}") = "SpaceBox.Game", "SpaceBox.Game\SpaceBox.Game.csproj", "{4E1752FA-1053-40C7-A61D-EDC013999621}"
EndProject
Project("{FAE04EC0-301F-11D3-BF4B-00C04F79EFBC}") = "SpaceBox.GUI", "SpaceBox.GUI\SpaceBox.GUI.csproj", "{4234FA95-FA51-4BD9-BBCC-0B4C6950B018}"
EndProject
Project("{FAE04EC0-301F-11D3-BF4B-00C04F79EFBC}") = "SpaceBox.Data", "SpaceBox.Data\SpaceBox.Data.csproj", "{65E818FC-B7E7-403A-97C5-C76914109411}"
EndProject
Project("{FAE04EC0-301F-11D3-BF4B-00C04F79EFBC}") = "Cubic.Forms", "Cubic.Forms\Cubic.Forms.csproj", "{3E35EE8D-461D-4A60-960B-3AAB7FFD23F2}"
EndProject
Project("{FAE04EC0-301F-11D3-BF4B-00C04F79EFBC}") = "SpaceBox.Sandbox", "SpaceBox.Sandbox\SpaceBox.Sandbox.csproj", "{509538B5-6E9B-46E1-97DD-5A339517E061}"
EndProject
Project("{FAE04EC0-301F-11D3-BF4B-00C04F79EFBC}") = "Cubic.Engine", "Cubic.Engine\Cubic.Engine.csproj", "{B5DA4A2E-FF35-4A37-9F91-69336BFBD21E}"
EndProject
Global
	GlobalSection(SolutionConfigurationPlatforms) = preSolution
		Debug|Any CPU = Debug|Any CPU
		Release|Any CPU = Release|Any CPU
		Publish|Any CPU = Publish|Any CPU
	EndGlobalSection
	GlobalSection(ProjectConfigurationPlatforms) = postSolution
		{4B5B1791-E1A9-43C3-8517-EDD0B2CC8D2A}.Debug|Any CPU.ActiveCfg = Debug|Any CPU
		{4B5B1791-E1A9-43C3-8517-EDD0B2CC8D2A}.Debug|Any CPU.Build.0 = Debug|Any CPU
		{4B5B1791-E1A9-43C3-8517-EDD0B2CC8D2A}.Release|Any CPU.ActiveCfg = Release|Any CPU
		{4B5B1791-E1A9-43C3-8517-EDD0B2CC8D2A}.Release|Any CPU.Build.0 = Release|Any CPU
		{4B5B1791-E1A9-43C3-8517-EDD0B2CC8D2A}.Publish|Any CPU.ActiveCfg = Publish|Any CPU
		{4B5B1791-E1A9-43C3-8517-EDD0B2CC8D2A}.Publish|Any CPU.Build.0 = Publish|Any CPU
		{4E1752FA-1053-40C7-A61D-EDC013999621}.Debug|Any CPU.ActiveCfg = Debug|Any CPU
		{4E1752FA-1053-40C7-A61D-EDC013999621}.Debug|Any CPU.Build.0 = Debug|Any CPU
		{4E1752FA-1053-40C7-A61D-EDC013999621}.Release|Any CPU.ActiveCfg = Release|Any CPU
		{4E1752FA-1053-40C7-A61D-EDC013999621}.Release|Any CPU.Build.0 = Release|Any CPU
		{4E1752FA-1053-40C7-A61D-EDC013999621}.Publish|Any CPU.ActiveCfg = Publish|Any CPU
		{4E1752FA-1053-40C7-A61D-EDC013999621}.Publish|Any CPU.Build.0 = Publish|Any CPU
		{4234FA95-FA51-4BD9-BBCC-0B4C6950B018}.Debug|Any CPU.ActiveCfg = Debug|Any CPU
		{4234FA95-FA51-4BD9-BBCC-0B4C6950B018}.Debug|Any CPU.Build.0 = Debug|Any CPU
		{4234FA95-FA51-4BD9-BBCC-0B4C6950B018}.Release|Any CPU.ActiveCfg = Release|Any CPU
		{4234FA95-FA51-4BD9-BBCC-0B4C6950B018}.Release|Any CPU.Build.0 = Release|Any CPU
		{4234FA95-FA51-4BD9-BBCC-0B4C6950B018}.Publish|Any CPU.ActiveCfg = Publish|Any CPU
		{4234FA95-FA51-4BD9-BBCC-0B4C6950B018}.Publish|Any CPU.Build.0 = Publish|Any CPU
		{65E818FC-B7E7-403A-97C5-C76914109411}.Debug|Any CPU.ActiveCfg = Debug|Any CPU
		{65E818FC-B7E7-403A-97C5-C76914109411}.Debug|Any CPU.Build.0 = Debug|Any CPU
		{65E818FC-B7E7-403A-97C5-C76914109411}.Release|Any CPU.ActiveCfg = Release|Any CPU
		{65E818FC-B7E7-403A-97C5-C76914109411}.Release|Any CPU.Build.0 = Release|Any CPU
		{65E818FC-B7E7-403A-97C5-C76914109411}.Publish|Any CPU.ActiveCfg = Publish|Any CPU
		{65E818FC-B7E7-403A-97C5-C76914109411}.Publish|Any CPU.Build.0 = Publish|Any CPU
		{3E35EE8D-461D-4A60-960B-3AAB7FFD23F2}.Debug|Any CPU.ActiveCfg = Debug|Any CPU
		{3E35EE8D-461D-4A60-960B-3AAB7FFD23F2}.Debug|Any CPU.Build.0 = Debug|Any CPU
		{3E35EE8D-461D-4A60-960B-3AAB7FFD23F2}.Release|Any CPU.ActiveCfg = Release|Any CPU
		{3E35EE8D-461D-4A60-960B-3AAB7FFD23F2}.Release|Any CPU.Build.0 = Release|Any CPU
		{3E35EE8D-461D-4A60-960B-3AAB7FFD23F2}.Publish|Any CPU.ActiveCfg = Publish|Any CPU
		{3E35EE8D-461D-4A60-960B-3AAB7FFD23F2}.Publish|Any CPU.Build.0 = Publish|Any CPU
		{509538B5-6E9B-46E1-97DD-5A339517E061}.Debug|Any CPU.ActiveCfg = Debug|Any CPU
		{509538B5-6E9B-46E1-97DD-5A339517E061}.Debug|Any CPU.Build.0 = Debug|Any CPU
		{509538B5-6E9B-46E1-97DD-5A339517E061}.Release|Any CPU.ActiveCfg = Release|Any CPU
		{509538B5-6E9B-46E1-97DD-5A339517E061}.Release|Any CPU.Build.0 = Release|Any CPU
		{509538B5-6E9B-46E1-97DD-5A339517E061}.Publish|Any CPU.ActiveCfg = Publish|Any CPU
		{509538B5-6E9B-46E1-97DD-5A339517E061}.Publish|Any CPU.Build.0 = Publish|Any CPU
		{B5DA4A2E-FF35-4A37-9F91-69336BFBD21E}.Debug|Any CPU.ActiveCfg = Debug|Any CPU
		{B5DA4A2E-FF35-4A37-9F91-69336BFBD21E}.Debug|Any CPU.Build.0 = Debug|Any CPU
		{B5DA4A2E-FF35-4A37-9F91-69336BFBD21E}.Release|Any CPU.ActiveCfg = Release|Any CPU
		{B5DA4A2E-FF35-4A37-9F91-69336BFBD21E}.Release|Any CPU.Build.0 = Release|Any CPU
		{B5DA4A2E-FF35-4A37-9F91-69336BFBD21E}.Publish|Any CPU.ActiveCfg = Publish|Any CPU
		{B5DA4A2E-FF35-4A37-9F91-69336BFBD21E}.Publish|Any CPU.Build.0 = Publish|Any CPU
	EndGlobalSection
EndGlobal
